
Microsoft Visual Studio Solution File, Format Version 12.00
# Visual Studio Version 17
VisualStudioVersion = 17.0.31903.59
MinimumVisualStudioVersion = 10.0.40219.1
Project("{9A19103F-16F7-4668-BE54-9A1E7A4F7556}") = "CsharpNew", "CsharpNew\CsharpNew.csproj", "{DE074051-055F-4660-B2B2-9E6B541D529D}"
EndProject
Project("{9A19103F-16F7-4668-BE54-9A1E7A4F7556}") = "CsharpNew10", "CsharpNew10\CsharpNew10.csproj", "{FF1FFAFD-10DF-43C8-9B07-CBC8923112CA}"
EndProject
Project("{9A19103F-16F7-4668-BE54-9A1E7A4F7556}") = "CsharpNew10part2", "CsharpNew10part2\CsharpNew10part2.csproj", "{EBDDA6F9-303E-4FA7-8DD4-E59562ECD4A4}"
EndProject
Project("{9A19103F-16F7-4668-BE54-9A1E7A4F7556}") = "CS10newRecordsStruct", "CS10newRecordsStruct\CS10newRecordsStruct.csproj", "{59701CD2-759D-4B18-9B3A-F2D49047195E}"
EndProject
Project("{9A19103F-16F7-4668-BE54-9A1E7A4F7556}") = "CS10newDeconstruction", "CS10newDeconstruction\CS10newDeconstruction.csproj", "{37565896-F6DD-41BC-9384-77DD4D4FCA0A}"
EndProject
Project("{9A19103F-16F7-4668-BE54-9A1E7A4F7556}") = "CS10newGlobalUsings", "CS10newGlobalUsings\CS10newGlobalUsings.csproj", "{3088DCE0-DF58-4987-BA10-8F078E42364B}"
EndProject
Project("{9A19103F-16F7-4668-BE54-9A1E7A4F7556}") = "CS10newStructureTypes", "CS10newStructureTypes\CS10newStructureTypes.csproj", "{3D2049ED-05B1-4DB0-BB08-9D3E2363A9D9}"
EndProject
Project("{FAE04EC0-301F-11D3-BF4B-00C04F79EFBC}") = "CS10newDateOnlyTimeOnly", "CS10newDateOnlyTimeOnly\CS10newDateOnlyTimeOnly.csproj", "{BDBA768C-BD4C-49E0-A7F4-6B439BC557E3}"
EndProject
Project("{FAE04EC0-301F-11D3-BF4B-00C04F79EFBC}") = "CS10newPriorityQueue", "CS10newPriorityQueue\CS10newPriorityQueue.csproj", "{EBAFC4BF-87A3-4749-A132-7B98D5DAE192}"
EndProject
Project("{FAE04EC0-301F-11D3-BF4B-00C04F79EFBC}") = "CS10newMaxByMinBy", "CS10newMaxByMinBy\CS10newMaxByMinBy.csproj", "{34A9934F-CCB2-4517-BBB6-5BA12EA3DA16}"
EndProject
Project("{FAE04EC0-301F-11D3-BF4B-00C04F79EFBC}") = "CS10newIEnumerableChunk", "CS10newIEnumerableChunk\CS10newIEnumerableChunk.csproj", "{BCA41C0D-F6BA-42A0-A1DD-643AA9B10E7C}"
EndProject
Project("{FAE04EC0-301F-11D3-BF4B-00C04F79EFBC}") = "CS10newConstInterpolatedStrings", "CS10newConstInterpolatedStrings\CS10newConstInterpolatedStrings.csproj", "{972EB037-54B0-41C3-9EE1-B1188FBDB4B2}"
EndProject
Project("{FAE04EC0-301F-11D3-BF4B-00C04F79EFBC}") = "CS10newNullParameterCheching", "CS10newNullParameterCheching\CS10newNullParameterCheching.csproj", "{79F1D28A-FE9A-499D-AFE5-4FD3B6E14FA0}"
EndProject
Project("{FAE04EC0-301F-11D3-BF4B-00C04F79EFBC}") = "CS10newParameterlessStructConstructors", "CS10newParameterlessStructConstructors\CS10newParameterlessStructConstructors.csproj", "{7B233F64-40F6-4508-BA3A-8E64A8D02469}"
EndProject
Global
	GlobalSection(SolutionConfigurationPlatforms) = preSolution
		Debug|Any CPU = Debug|Any CPU
		Release|Any CPU = Release|Any CPU
	EndGlobalSection
	GlobalSection(ProjectConfigurationPlatforms) = postSolution
		{DE074051-055F-4660-B2B2-9E6B541D529D}.Debug|Any CPU.ActiveCfg = Debug|Any CPU
		{DE074051-055F-4660-B2B2-9E6B541D529D}.Debug|Any CPU.Build.0 = Debug|Any CPU
		{DE074051-055F-4660-B2B2-9E6B541D529D}.Release|Any CPU.ActiveCfg = Release|Any CPU
		{DE074051-055F-4660-B2B2-9E6B541D529D}.Release|Any CPU.Build.0 = Release|Any CPU
		{FF1FFAFD-10DF-43C8-9B07-CBC8923112CA}.Debug|Any CPU.ActiveCfg = Debug|Any CPU
		{FF1FFAFD-10DF-43C8-9B07-CBC8923112CA}.Debug|Any CPU.Build.0 = Debug|Any CPU
		{FF1FFAFD-10DF-43C8-9B07-CBC8923112CA}.Release|Any CPU.ActiveCfg = Release|Any CPU
		{FF1FFAFD-10DF-43C8-9B07-CBC8923112CA}.Release|Any CPU.Build.0 = Release|Any CPU
		{EBDDA6F9-303E-4FA7-8DD4-E59562ECD4A4}.Debug|Any CPU.ActiveCfg = Debug|Any CPU
		{EBDDA6F9-303E-4FA7-8DD4-E59562ECD4A4}.Debug|Any CPU.Build.0 = Debug|Any CPU
		{EBDDA6F9-303E-4FA7-8DD4-E59562ECD4A4}.Release|Any CPU.ActiveCfg = Release|Any CPU
		{EBDDA6F9-303E-4FA7-8DD4-E59562ECD4A4}.Release|Any CPU.Build.0 = Release|Any CPU
		{59701CD2-759D-4B18-9B3A-F2D49047195E}.Debug|Any CPU.ActiveCfg = Debug|Any CPU
		{59701CD2-759D-4B18-9B3A-F2D49047195E}.Debug|Any CPU.Build.0 = Debug|Any CPU
		{59701CD2-759D-4B18-9B3A-F2D49047195E}.Release|Any CPU.ActiveCfg = Release|Any CPU
		{59701CD2-759D-4B18-9B3A-F2D49047195E}.Release|Any CPU.Build.0 = Release|Any CPU
		{37565896-F6DD-41BC-9384-77DD4D4FCA0A}.Debug|Any CPU.ActiveCfg = Debug|Any CPU
		{37565896-F6DD-41BC-9384-77DD4D4FCA0A}.Debug|Any CPU.Build.0 = Debug|Any CPU
		{37565896-F6DD-41BC-9384-77DD4D4FCA0A}.Release|Any CPU.ActiveCfg = Release|Any CPU
		{37565896-F6DD-41BC-9384-77DD4D4FCA0A}.Release|Any CPU.Build.0 = Release|Any CPU
		{3088DCE0-DF58-4987-BA10-8F078E42364B}.Debug|Any CPU.ActiveCfg = Debug|Any CPU
		{3088DCE0-DF58-4987-BA10-8F078E42364B}.Debug|Any CPU.Build.0 = Debug|Any CPU
		{3088DCE0-DF58-4987-BA10-8F078E42364B}.Release|Any CPU.ActiveCfg = Release|Any CPU
		{3088DCE0-DF58-4987-BA10-8F078E42364B}.Release|Any CPU.Build.0 = Release|Any CPU
		{3D2049ED-05B1-4DB0-BB08-9D3E2363A9D9}.Debug|Any CPU.ActiveCfg = Debug|Any CPU
		{3D2049ED-05B1-4DB0-BB08-9D3E2363A9D9}.Debug|Any CPU.Build.0 = Debug|Any CPU
		{3D2049ED-05B1-4DB0-BB08-9D3E2363A9D9}.Release|Any CPU.ActiveCfg = Release|Any CPU
		{3D2049ED-05B1-4DB0-BB08-9D3E2363A9D9}.Release|Any CPU.Build.0 = Release|Any CPU
		{BDBA768C-BD4C-49E0-A7F4-6B439BC557E3}.Debug|Any CPU.ActiveCfg = Debug|Any CPU
		{BDBA768C-BD4C-49E0-A7F4-6B439BC557E3}.Debug|Any CPU.Build.0 = Debug|Any CPU
		{BDBA768C-BD4C-49E0-A7F4-6B439BC557E3}.Release|Any CPU.ActiveCfg = Release|Any CPU
		{BDBA768C-BD4C-49E0-A7F4-6B439BC557E3}.Release|Any CPU.Build.0 = Release|Any CPU
		{EBAFC4BF-87A3-4749-A132-7B98D5DAE192}.Debug|Any CPU.ActiveCfg = Debug|Any CPU
		{EBAFC4BF-87A3-4749-A132-7B98D5DAE192}.Debug|Any CPU.Build.0 = Debug|Any CPU
		{EBAFC4BF-87A3-4749-A132-7B98D5DAE192}.Release|Any CPU.ActiveCfg = Release|Any CPU
		{EBAFC4BF-87A3-4749-A132-7B98D5DAE192}.Release|Any CPU.Build.0 = Release|Any CPU
		{34A9934F-CCB2-4517-BBB6-5BA12EA3DA16}.Debug|Any CPU.ActiveCfg = Debug|Any CPU
		{34A9934F-CCB2-4517-BBB6-5BA12EA3DA16}.Debug|Any CPU.Build.0 = Debug|Any CPU
		{34A9934F-CCB2-4517-BBB6-5BA12EA3DA16}.Release|Any CPU.ActiveCfg = Release|Any CPU
		{34A9934F-CCB2-4517-BBB6-5BA12EA3DA16}.Release|Any CPU.Build.0 = Release|Any CPU
		{BCA41C0D-F6BA-42A0-A1DD-643AA9B10E7C}.Debug|Any CPU.ActiveCfg = Debug|Any CPU
		{BCA41C0D-F6BA-42A0-A1DD-643AA9B10E7C}.Debug|Any CPU.Build.0 = Debug|Any CPU
		{BCA41C0D-F6BA-42A0-A1DD-643AA9B10E7C}.Release|Any CPU.ActiveCfg = Release|Any CPU
		{BCA41C0D-F6BA-42A0-A1DD-643AA9B10E7C}.Release|Any CPU.Build.0 = Release|Any CPU
		{972EB037-54B0-41C3-9EE1-B1188FBDB4B2}.Debug|Any CPU.ActiveCfg = Debug|Any CPU
		{972EB037-54B0-41C3-9EE1-B1188FBDB4B2}.Debug|Any CPU.Build.0 = Debug|Any CPU
		{972EB037-54B0-41C3-9EE1-B1188FBDB4B2}.Release|Any CPU.ActiveCfg = Release|Any CPU
		{972EB037-54B0-41C3-9EE1-B1188FBDB4B2}.Release|Any CPU.Build.0 = Release|Any CPU
		{79F1D28A-FE9A-499D-AFE5-4FD3B6E14FA0}.Debug|Any CPU.ActiveCfg = Debug|Any CPU
		{79F1D28A-FE9A-499D-AFE5-4FD3B6E14FA0}.Debug|Any CPU.Build.0 = Debug|Any CPU
		{79F1D28A-FE9A-499D-AFE5-4FD3B6E14FA0}.Release|Any CPU.ActiveCfg = Release|Any CPU
		{79F1D28A-FE9A-499D-AFE5-4FD3B6E14FA0}.Release|Any CPU.Build.0 = Release|Any CPU
		{7B233F64-40F6-4508-BA3A-8E64A8D02469}.Debug|Any CPU.ActiveCfg = Debug|Any CPU
		{7B233F64-40F6-4508-BA3A-8E64A8D02469}.Debug|Any CPU.Build.0 = Debug|Any CPU
		{7B233F64-40F6-4508-BA3A-8E64A8D02469}.Release|Any CPU.ActiveCfg = Release|Any CPU
		{7B233F64-40F6-4508-BA3A-8E64A8D02469}.Release|Any CPU.Build.0 = Release|Any CPU
	EndGlobalSection
	GlobalSection(SolutionProperties) = preSolution
		HideSolutionNode = FALSE
	EndGlobalSection
	GlobalSection(ExtensibilityGlobals) = postSolution
		SolutionGuid = {066CBF74-BEEA-45F3-A815-236B4171494B}
	EndGlobalSection
EndGlobal
